
Microsoft Visual Studio Solution File, Format Version 12.00
# Visual Studio Version 17
VisualStudioVersion = 17.13.35828.75 d17.13
MinimumVisualStudioVersion = 10.0.40219.1
Project("{FAE04EC0-301F-11D3-BF4B-00C04F79EFBC}") = "ArriendoPocket", "ArriendoPocket.csproj", "{48A42748-020D-4A68-9FE8-19EA4389A0BF}"
EndProject
Global
	GlobalSection(SolutionConfigurationPlatforms) = preSolution
		Debug|Any CPU = Debug|Any CPU
		Release|Any CPU = Release|Any CPU
	EndGlobalSection
	GlobalSection(ProjectConfigurationPlatforms) = postSolution
		{48A42748-020D-4A68-9FE8-19EA4389A0BF}.Debug|Any CPU.ActiveCfg = Debug|Any CPU
		{48A42748-020D-4A68-9FE8-19EA4389A0BF}.Debug|Any CPU.Build.0 = Debug|Any CPU
		{48A42748-020D-4A68-9FE8-19EA4389A0BF}.Release|Any CPU.ActiveCfg = Release|Any CPU
		{48A42748-020D-4A68-9FE8-19EA4389A0BF}.Release|Any CPU.Build.0 = Release|Any CPU
	EndGlobalSection
	GlobalSection(SolutionProperties) = preSolution
		HideSolutionNode = FALSE
	EndGlobalSection
	GlobalSection(ExtensibilityGlobals) = postSolution
		SolutionGuid = {1B9911C5-26CF-4888-821B-8AF60A6FF319}
	EndGlobalSection
EndGlobal
